
Microsoft Visual Studio Solution File, Format Version 12.00
# Visual Studio Version 16
VisualStudioVersion = 16.0.31624.102
MinimumVisualStudioVersion = 10.0.40219.1
Project("{FAE04EC0-301F-11D3-BF4B-00C04F79EFBC}") = "Migrations.EF", "Migrations.EF\Migrations.EF.csproj", "{31F01E96-7412-4EA3-AE6C-7E53454D53BB}"
EndProject
Global
	GlobalSection(SolutionConfigurationPlatforms) = preSolution
		Debug|Any CPU = Debug|Any CPU
		Release|Any CPU = Release|Any CPU
	EndGlobalSection
	GlobalSection(ProjectConfigurationPlatforms) = postSolution
		{31F01E96-7412-4EA3-AE6C-7E53454D53BB}.Debug|Any CPU.ActiveCfg = Debug|Any CPU
		{31F01E96-7412-4EA3-AE6C-7E53454D53BB}.Debug|Any CPU.Build.0 = Debug|Any CPU
		{31F01E96-7412-4EA3-AE6C-7E53454D53BB}.Release|Any CPU.ActiveCfg = Release|Any CPU
		{31F01E96-7412-4EA3-AE6C-7E53454D53BB}.Release|Any CPU.Build.0 = Release|Any CPU
	EndGlobalSection
	GlobalSection(SolutionProperties) = preSolution
		HideSolutionNode = FALSE
	EndGlobalSection
	GlobalSection(ExtensibilityGlobals) = postSolution
		SolutionGuid = {C8AC73AD-3389-4939-A892-963551335E47}
	EndGlobalSection
EndGlobal
