
Microsoft Visual Studio Solution File, Format Version 12.00
# Visual Studio Version 16
VisualStudioVersion = 16.0.31624.102
MinimumVisualStudioVersion = 10.0.40219.1
Project("{FAE04EC0-301F-11D3-BF4B-00C04F79EFBC}") = "ConsoleApp1", "ConsoleApp1\ConsoleApp1.csproj", "{2049D9AA-C771-48D2-8898-40193E506ED0}"
EndProject
Global
	GlobalSection(SolutionConfigurationPlatforms) = preSolution
		Debug|Any CPU = Debug|Any CPU
		Release|Any CPU = Release|Any CPU
	EndGlobalSection
	GlobalSection(ProjectConfigurationPlatforms) = postSolution
		{2049D9AA-C771-48D2-8898-40193E506ED0}.Debug|Any CPU.ActiveCfg = Debug|Any CPU
		{2049D9AA-C771-48D2-8898-40193E506ED0}.Debug|Any CPU.Build.0 = Debug|Any CPU
		{2049D9AA-C771-48D2-8898-40193E506ED0}.Release|Any CPU.ActiveCfg = Release|Any CPU
		{2049D9AA-C771-48D2-8898-40193E506ED0}.Release|Any CPU.Build.0 = Release|Any CPU
	EndGlobalSection
	GlobalSection(SolutionProperties) = preSolution
		HideSolutionNode = FALSE
	EndGlobalSection
	GlobalSection(ExtensibilityGlobals) = postSolution
		SolutionGuid = {C0D02FAD-993F-4B8B-BC26-EF3E76954C1B}
	EndGlobalSection
EndGlobal
